
Microsoft Visual Studio Solution File, Format Version 12.00
# Visual Studio Version 17
VisualStudioVersion = 17.7.34024.191
MinimumVisualStudioVersion = 10.0.40219.1
Project("{FAE04EC0-301F-11D3-BF4B-00C04F79EFBC}") = "ConsoleApp8", "ConsoleApp8.csproj", "{BE283604-E4E0-4FDF-BB82-E7C7A8A68998}"
EndProject
Global
	GlobalSection(SolutionConfigurationPlatforms) = preSolution
		Debug|Any CPU = Debug|Any CPU
		Release|Any CPU = Release|Any CPU
	EndGlobalSection
	GlobalSection(ProjectConfigurationPlatforms) = postSolution
		{BE283604-E4E0-4FDF-BB82-E7C7A8A68998}.Debug|Any CPU.ActiveCfg = Debug|Any CPU
		{BE283604-E4E0-4FDF-BB82-E7C7A8A68998}.Debug|Any CPU.Build.0 = Debug|Any CPU
		{BE283604-E4E0-4FDF-BB82-E7C7A8A68998}.Release|Any CPU.ActiveCfg = Release|Any CPU
		{BE283604-E4E0-4FDF-BB82-E7C7A8A68998}.Release|Any CPU.Build.0 = Release|Any CPU
	EndGlobalSection
	GlobalSection(SolutionProperties) = preSolution
		HideSolutionNode = FALSE
	EndGlobalSection
	GlobalSection(ExtensibilityGlobals) = postSolution
		SolutionGuid = {74F2333D-466B-4379-85B2-648045C6ADB3}
	EndGlobalSection
EndGlobal
